
Microsoft Visual Studio Solution File, Format Version 12.00
# Visual Studio Version 17
VisualStudioVersion = 17.10.35013.160
MinimumVisualStudioVersion = 10.0.40219.1
Project("{9A19103F-16F7-4668-BE54-9A1E7A4F7556}") = "TurnosLibrary", "TurnosLibrary.csproj", "{E8154A28-0972-4F6B-B255-C8F1F67B6E4B}"
EndProject
Project("{FAE04EC0-301F-11D3-BF4B-00C04F79EFBC}") = "TurnosEFWebApi", "..\TurnosEFWebApi\TurnosEFWebApi.csproj", "{3454B96F-8814-4D84-AD0E-097C402771FA}"
	ProjectSection(ProjectDependencies) = postProject
		{E8154A28-0972-4F6B-B255-C8F1F67B6E4B} = {E8154A28-0972-4F6B-B255-C8F1F67B6E4B}
	EndProjectSection
EndProject
Global
	GlobalSection(SolutionConfigurationPlatforms) = preSolution
		Debug|Any CPU = Debug|Any CPU
		Release|Any CPU = Release|Any CPU
	EndGlobalSection
	GlobalSection(ProjectConfigurationPlatforms) = postSolution
		{E8154A28-0972-4F6B-B255-C8F1F67B6E4B}.Debug|Any CPU.ActiveCfg = Debug|Any CPU
		{E8154A28-0972-4F6B-B255-C8F1F67B6E4B}.Debug|Any CPU.Build.0 = Debug|Any CPU
		{E8154A28-0972-4F6B-B255-C8F1F67B6E4B}.Release|Any CPU.ActiveCfg = Release|Any CPU
		{E8154A28-0972-4F6B-B255-C8F1F67B6E4B}.Release|Any CPU.Build.0 = Release|Any CPU
		{3454B96F-8814-4D84-AD0E-097C402771FA}.Debug|Any CPU.ActiveCfg = Debug|Any CPU
		{3454B96F-8814-4D84-AD0E-097C402771FA}.Debug|Any CPU.Build.0 = Debug|Any CPU
		{3454B96F-8814-4D84-AD0E-097C402771FA}.Release|Any CPU.ActiveCfg = Release|Any CPU
		{3454B96F-8814-4D84-AD0E-097C402771FA}.Release|Any CPU.Build.0 = Release|Any CPU
	EndGlobalSection
	GlobalSection(SolutionProperties) = preSolution
		HideSolutionNode = FALSE
	EndGlobalSection
	GlobalSection(ExtensibilityGlobals) = postSolution
		SolutionGuid = {453CF85E-0521-4ACC-98B9-BA56B75782FE}
	EndGlobalSection
EndGlobal
